
Microsoft Visual Studio Solution File, Format Version 12.00
# Visual Studio 2012
Project("{FAE04EC0-301F-11D3-BF4B-00C04F79EFBC}") = "HamburgerMenu", "HamburgerMenu\HamburgerMenu.csproj", "{A82136C8-4559-4D07-A773-8295E308A10A}"
EndProject
Global
	GlobalSection(SolutionConfigurationPlatforms) = preSolution
		Debug|iPhoneSimulator = Debug|iPhoneSimulator
		Release|iPhone = Release|iPhone
		Release|iPhoneSimulator = Release|iPhoneSimulator
		Debug|iPhone = Debug|iPhone
	EndGlobalSection
	GlobalSection(ProjectConfigurationPlatforms) = postSolution
		{A82136C8-4559-4D07-A773-8295E308A10A}.Debug|iPhoneSimulator.ActiveCfg = Debug|iPhoneSimulator
		{A82136C8-4559-4D07-A773-8295E308A10A}.Debug|iPhoneSimulator.Build.0 = Debug|iPhoneSimulator
		{A82136C8-4559-4D07-A773-8295E308A10A}.Release|iPhone.ActiveCfg = Release|iPhone
		{A82136C8-4559-4D07-A773-8295E308A10A}.Release|iPhone.Build.0 = Release|iPhone
		{A82136C8-4559-4D07-A773-8295E308A10A}.Release|iPhoneSimulator.ActiveCfg = Release|iPhoneSimulator
		{A82136C8-4559-4D07-A773-8295E308A10A}.Release|iPhoneSimulator.Build.0 = Release|iPhoneSimulator
		{A82136C8-4559-4D07-A773-8295E308A10A}.Debug|iPhone.ActiveCfg = Debug|iPhone
		{A82136C8-4559-4D07-A773-8295E308A10A}.Debug|iPhone.Build.0 = Debug|iPhone
	EndGlobalSection
EndGlobal
